{
	"name": "gwhp",
	"version": "1.0.0",
	"lockfileVersion": 1,
	"requires": true,
	"dependencies": {
		"@device.farm/si-application-events": {
			"version": "1.0.0",
			"resolved": "https://registry.npmjs.org/@device.farm/si-application-events/-/si-application-events-1.0.0.tgz",
			"integrity": "sha512-K4ZsXKwpQSef5eTWTsOo/ikWmr4Bjx7wN68+aESRxXPggEgDpIcvMIZlNDqqtm6+CbWGliTbKt6r6jz61mszsw=="
		},
		"@device.farm/si-generic-timer": {
			"version": "1.0.1",
			"resolved": "https://registry.npmjs.org/@device.farm/si-generic-timer/-/si-generic-timer-1.0.1.tgz",
			"integrity": "sha512-rXB1L37/P04OVaRD5TH5dDNIKOP3K/mO2KGrrOlq33sFirJMwQuozAXVrJg0TMKr51a3K7m3SJdLpnrG6NHmMQ==",
			"requires": {
				"@device.farm/si-application-events": "1.0.0"
			}
		},
		"@device.farm/si-stm32-i2c": {
			"version": "1.0.7",
			"resolved": "https://registry.npmjs.org/@device.farm/si-stm32-i2c/-/si-stm32-i2c-1.0.7.tgz",
			"integrity": "sha512-qRUYEOKGE++xMN/kdxu/4mlQyV1ldUOkl5Wg6BXXS87LPCvp1PprHkZGgsgL3mFXv8Zh9FQB+/pbkXC9bbDTQQ==",
			"requires": {
				"@device.farm/si-application-events": "1.0.0"
			}
		},
		"@device.farm/si-stm32-iwdg": {
			"version": "1.0.2",
			"resolved": "https://registry.npmjs.org/@device.farm/si-stm32-iwdg/-/si-stm32-iwdg-1.0.2.tgz",
			"integrity": "sha512-Q1gMpTcow6piYwIq8Dd5Ei6GVJfbQ/GIZz7GcRU56JfIUrJ9w5OOfYJO30K5p8K9WgRSvCMaqWswa3EbC2QKKA==",
			"requires": {
				"@device.farm/si-stm32-timer": "1.0.5"
			}
		},
		"@device.farm/si-stm32-timer": {
			"version": "1.0.5",
			"resolved": "https://registry.npmjs.org/@device.farm/si-stm32-timer/-/si-stm32-timer-1.0.5.tgz",
			"integrity": "sha512-Slmz0TGDRiKVTc/u9BN/EtCjfFdK+F8XqE4Kev0BF07gpDIMtP8sLhXlfVmYUwHoLZKbusldxWx0JOI7SVevPg==",
			"requires": {
				"@device.farm/si-generic-timer": "1.0.1"
			}
		},
		"@device.farm/si-stm32f0x0": {
			"version": "1.0.0",
			"resolved": "https://registry.npmjs.org/@device.farm/si-stm32f0x0/-/si-stm32f0x0-1.0.0.tgz",
			"integrity": "sha512-6d/wmTnMgM50kmR8AEaHBpNeNXF1hhXZJNgXAzh8/qDRQ2xwfHOLUtd/ZouMSc08Fh+y0GkGbJVga6GsXDuILg=="
		}
	}
}
