{
	"name": "gwhp",
	"version": "1.0.0",
	"lockfileVersion": 1,
	"requires": true,
	"dependencies": {
		"@device.farm/si-application-events": {
			"version": "1.0.1",
			"resolved": "https://registry.npmjs.org/@device.farm/si-application-events/-/si-application-events-1.0.1.tgz",
			"integrity": "sha512-iQmDdyt0uGQ/XOYnVE9/Jd/mI83DujEpa6ElhElhGq3lPwcHsQcUwp2cG2FjNbHp0iJWMiW9nVqer4O7epmNJg=="
		},
		"@device.farm/si-generic-timer": {
			"version": "1.0.3",
			"resolved": "https://registry.npmjs.org/@device.farm/si-generic-timer/-/si-generic-timer-1.0.3.tgz",
			"integrity": "sha512-WVwMajLqtsnlj7WpsIY/skDY3O8apWHtxcAvKGGXW28TUJ9L+6nn6+7rmFkB7EheqlTpISPWgYOfJfRrBrVw2w==",
			"requires": {
				"@device.farm/si-application-events": "^1.0.1"
			}
		},
		"@device.farm/si-stm32-i2c": {
			"version": "1.0.9",
			"resolved": "https://registry.npmjs.org/@device.farm/si-stm32-i2c/-/si-stm32-i2c-1.0.9.tgz",
			"integrity": "sha512-RxF7zr/3ZcuD3aXRLjjyROpPCECzLNTUDUVKNZgjaZC+qDvP7xaqG9E3QZscok/WzsHEP8rnVEVzx3sbsxR8eA==",
			"requires": {
				"@device.farm/si-application-events": "^1.0.1"
			}
		},
		"@device.farm/si-stm32-iwdg": {
			"version": "1.0.5",
			"resolved": "https://registry.npmjs.org/@device.farm/si-stm32-iwdg/-/si-stm32-iwdg-1.0.5.tgz",
			"integrity": "sha512-DdvFEBgOcCJT+lpCZ1OJvquN7B3kysqCeVHzv9ZRScEVI/Lhg0KrNojf4Dj7Kw9RFFvemUvQBCyZrjQcw9o21Q==",
			"requires": {
				"@device.farm/si-stm32-timer": "^1.0.11"
			}
		},
		"@device.farm/si-stm32-timer": {
			"version": "1.0.11",
			"resolved": "https://registry.npmjs.org/@device.farm/si-stm32-timer/-/si-stm32-timer-1.0.11.tgz",
			"integrity": "sha512-DplZwTkK0wwFfAeAdIdclGTn63wzl2eP0TN0OImKKX1pMdUOvfo11nECxLL/xF4ywkQQMHIVsxm2/0KEk8QqqA==",
			"requires": {
				"@device.farm/si-generic-timer": "^1.0.2"
			}
		},
		"@device.farm/si-stm32f0x0": {
			"version": "1.0.5",
			"resolved": "https://registry.npmjs.org/@device.farm/si-stm32f0x0/-/si-stm32f0x0-1.0.5.tgz",
			"integrity": "sha512-pD5P/PdIpUY9we4RGIommKnvgAMtUTJKrLHUglKiZIQ9MER9nnPvO0+cWCa2HwJ83TzFSXqLsZyYoRiw0Zyq6g=="
		}
	}
}
